Microsoft Visual Studio Solution File, Format Version 11.00
# Visual Studio 2008

Project("{14773976-D246-F153-5D38-9C3EC5EB78AC}") = "TowerDefenceTurtorial", "Assembly-CSharp.csproj", "{D4968461-EEDB-12BD-1496-2BFB05AE0E7D}"
EndProject
Project("{14773976-D246-F153-5D38-9C3EC5EB78AC}") = "TowerDefenceTurtorial", "Assembly-CSharp-Editor.csproj", "{164A98EB-4473-A590-A2CB-7AABF774B69E}"
EndProject
Global
	GlobalSection(SolutionConfigurationPlatforms) = preSolution
		Debug|Any CPU = Debug|Any CPU
		Release|Any CPU = Release|Any CPU
	EndGlobalSection
	GlobalSection(ProjectConfigurationPlatforms) = postSolution
		{D4968461-EEDB-12BD-1496-2BFB05AE0E7D}.Debug|Any CPU.ActiveCfg = Debug|Any CPU
		{D4968461-EEDB-12BD-1496-2BFB05AE0E7D}.Debug|Any CPU.Build.0 = Debug|Any CPU
		{D4968461-EEDB-12BD-1496-2BFB05AE0E7D}.Release|Any CPU.ActiveCfg = Release|Any CPU
		{D4968461-EEDB-12BD-1496-2BFB05AE0E7D}.Release|Any CPU.Build.0 = Release|Any CPU
		{164A98EB-4473-A590-A2CB-7AABF774B69E}.Debug|Any CPU.ActiveCfg = Debug|Any CPU
		{164A98EB-4473-A590-A2CB-7AABF774B69E}.Debug|Any CPU.Build.0 = Debug|Any CPU
		{164A98EB-4473-A590-A2CB-7AABF774B69E}.Release|Any CPU.ActiveCfg = Release|Any CPU
		{164A98EB-4473-A590-A2CB-7AABF774B69E}.Release|Any CPU.Build.0 = Release|Any CPU
	EndGlobalSection
	GlobalSection(SolutionProperties) = preSolution
		HideSolutionNode = FALSE
	EndGlobalSection
	GlobalSection(MonoDevelopProperties) = preSolution
		StartupItem = Assembly-CSharp.csproj
	EndGlobalSection
EndGlobal
